PODS:
  - Flutter (1.0.0)
  - fluttertoast (0.0.2):
    - Flutter
  - path_provider_foundation (0.0.1):
    - Flutter
    - FlutterMacOS
  - recaptcha_enterprise_flutter (18.8.2):
    - Flutter
    - RecaptchaEnterprise (= 18.8.2)
  - RecaptchaEnterprise (18.8.2):
    - RecaptchaEnterpriseSDK (= 18.8.2)
    - RecaptchaInterop (~> 101.0.0)
  - RecaptchaEnterpriseSDK (18.8.2)
  - RecaptchaInterop (101.0.0)

DEPENDENCIES:
  - Flutter (from `Flutter`)
  - fluttertoast (from `.symlinks/plugins/fluttertoast/ios`)
  - path_provider_foundation (from `.symlinks/plugins/path_provider_foundation/darwin`)
  - recaptcha_enterprise_flutter (from `.symlinks/plugins/recaptcha_enterprise_flutter/ios`)

SPEC REPOS:
  trunk:
    - RecaptchaEnterprise
    - RecaptchaEnterpriseSDK
    - RecaptchaInterop

EXTERNAL SOURCES:
  Flutter:
    :path: Flutter
  fluttertoast:
    :path: ".symlinks/plugins/fluttertoast/ios"
  path_provider_foundation:
    :path: ".symlinks/plugins/path_provider_foundation/darwin"
  recaptcha_enterprise_flutter:
    :path: ".symlinks/plugins/recaptcha_enterprise_flutter/ios"

SPEC CHECKSUMS:
  Flutter: cabc95a1d2626b1b06e7179b784ebcf0c0cde467
  fluttertoast: 2c67e14dce98bbdb200df9e1acf610d7a6264ea1
  path_provider_foundation: bb55f6dbba17d0dccd6737fe6f7f34fbd0376880
  recaptcha_enterprise_flutter: e85bad8d5f0255a00a1e2b32607aae1277e70191
  RecaptchaEnterprise: 2d06f415c94253c3e92214a4d1472b5875442cdc
  RecaptchaEnterpriseSDK: 2fd06a12a27f943c24f643f8814404a27cc74288
  RecaptchaInterop: 11e0b637842dfb48308d242afc3f448062325aba

PODFILE CHECKSUM: 53a6aebc29ccee84c41f92f409fc20cd4ca011f1

COCOAPODS: 1.16.2
